
Microsoft Visual Studio Solution File, Format Version 12.00
# Visual Studio 15
VisualStudioVersion = 15.0.28307.136
MinimumVisualStudioVersion = 10.0.40219.1
Project("{FAE04EC0-301F-11D3-BF4B-00C04F79EFBC}") = "Event", "Event\Event.csproj", "{65C9D561-35DF-45D9-B778-C60D117074C6}"
EndProject
Project("{FAE04EC0-301F-11D3-BF4B-00C04F79EFBC}") = "DirsFiles", "SearchFiles\SearchFiles\DirsFiles.csproj", "{6F9B51D3-27A2-4642-8BC6-79981FC1B87B}"
EndProject
Project("{FAE04EC0-301F-11D3-BF4B-00C04F79EFBC}") = "HOOK", "HOOK\HOOK.csproj", "{DBF34B0E-3DD2-4F40-B248-FC4C492568DF}"
EndProject
Project("{2150E333-8FDC-42A3-9474-1A3956D46DE8}") = "Socket", "Socket", "{FB25E467-3237-4C7F-97E8-BFDD05941F78}"
EndProject
Project("{2150E333-8FDC-42A3-9474-1A3956D46DE8}") = "Process", "Process", "{592AB5A5-0F81-4D5F-B927-206C7F06ED4E}"
	ProjectSection(SolutionItems) = preProject
		说明.txt = 说明.txt
	EndProjectSection
EndProject
Project("{9A19103F-16F7-4668-BE54-9A1E7A4F7556}") = "Asyc", "Async\Asyc.csproj", "{B4D3FD0F-582D-462F-9E72-684CC9E5F957}"
EndProject
Project("{FAE04EC0-301F-11D3-BF4B-00C04F79EFBC}") = "ProcessA", "Process\ProcessA\ProcessA.csproj", "{02A8E1FA-57CA-4B7A-979A-ECC7AC732BFC}"
EndProject
Project("{FAE04EC0-301F-11D3-BF4B-00C04F79EFBC}") = "ProcessB", "Process\ProcessB\ProcessB.csproj", "{FEC68D7C-D0DC-4DF9-9F87-97E5DEAAF755}"
EndProject
Project("{9A19103F-16F7-4668-BE54-9A1E7A4F7556}") = "ProcessC", "Process\ProcessC\ProcessC.csproj", "{7059D1F5-6001-4ACF-A309-F609007BE96E}"
EndProject
Project("{9A19103F-16F7-4668-BE54-9A1E7A4F7556}") = "ProcessD", "Process\ProcessD\ProcessD.csproj", "{F051982A-B380-43AF-81CA-F356F573D75F}"
EndProject
Project("{FAE04EC0-301F-11D3-BF4B-00C04F79EFBC}") = "Socket-Client", "Socket\Socket-Client\Socket-Client.csproj", "{178066C8-927F-43C6-B53E-C9D1E6527D82}"
EndProject
Project("{FAE04EC0-301F-11D3-BF4B-00C04F79EFBC}") = "Socket-Server", "Socket\Socket-Server\Socket-Server.csproj", "{FF40B05C-AF73-49A7-AB51-034D576B254E}"
EndProject
Project("{FAE04EC0-301F-11D3-BF4B-00C04F79EFBC}") = "FileIO", "FileIO\FileIO.csproj", "{4C5C9F72-F36E-472F-9113-D6395C5950A2}"
EndProject
Project("{2150E333-8FDC-42A3-9474-1A3956D46DE8}") = "UI", "UI", "{061A275C-3302-403D-99B7-0980819DBD52}"
EndProject
Project("{FAE04EC0-301F-11D3-BF4B-00C04F79EFBC}") = "Button", "Button\Button.csproj", "{8CC9B888-FB8A-467D-BFFC-711F41F8B55C}"
EndProject
Global
	GlobalSection(SolutionConfigurationPlatforms) = preSolution
		Debug|Any CPU = Debug|Any CPU
		Release|Any CPU = Release|Any CPU
	EndGlobalSection
	GlobalSection(ProjectConfigurationPlatforms) = postSolution
		{65C9D561-35DF-45D9-B778-C60D117074C6}.Debug|Any CPU.ActiveCfg = Debug|Any CPU
		{65C9D561-35DF-45D9-B778-C60D117074C6}.Debug|Any CPU.Build.0 = Debug|Any CPU
		{65C9D561-35DF-45D9-B778-C60D117074C6}.Release|Any CPU.ActiveCfg = Release|Any CPU
		{65C9D561-35DF-45D9-B778-C60D117074C6}.Release|Any CPU.Build.0 = Release|Any CPU
		{6F9B51D3-27A2-4642-8BC6-79981FC1B87B}.Debug|Any CPU.ActiveCfg = Debug|Any CPU
		{6F9B51D3-27A2-4642-8BC6-79981FC1B87B}.Debug|Any CPU.Build.0 = Debug|Any CPU
		{6F9B51D3-27A2-4642-8BC6-79981FC1B87B}.Release|Any CPU.ActiveCfg = Release|Any CPU
		{6F9B51D3-27A2-4642-8BC6-79981FC1B87B}.Release|Any CPU.Build.0 = Release|Any CPU
		{DBF34B0E-3DD2-4F40-B248-FC4C492568DF}.Debug|Any CPU.ActiveCfg = Debug|Any CPU
		{DBF34B0E-3DD2-4F40-B248-FC4C492568DF}.Debug|Any CPU.Build.0 = Debug|Any CPU
		{DBF34B0E-3DD2-4F40-B248-FC4C492568DF}.Release|Any CPU.ActiveCfg = Release|Any CPU
		{DBF34B0E-3DD2-4F40-B248-FC4C492568DF}.Release|Any CPU.Build.0 = Release|Any CPU
		{B4D3FD0F-582D-462F-9E72-684CC9E5F957}.Debug|Any CPU.ActiveCfg = Debug|Any CPU
		{B4D3FD0F-582D-462F-9E72-684CC9E5F957}.Debug|Any CPU.Build.0 = Debug|Any CPU
		{B4D3FD0F-582D-462F-9E72-684CC9E5F957}.Release|Any CPU.ActiveCfg = Release|Any CPU
		{B4D3FD0F-582D-462F-9E72-684CC9E5F957}.Release|Any CPU.Build.0 = Release|Any CPU
		{02A8E1FA-57CA-4B7A-979A-ECC7AC732BFC}.Debug|Any CPU.ActiveCfg = Debug|Any CPU
		{02A8E1FA-57CA-4B7A-979A-ECC7AC732BFC}.Debug|Any CPU.Build.0 = Debug|Any CPU
		{02A8E1FA-57CA-4B7A-979A-ECC7AC732BFC}.Release|Any CPU.ActiveCfg = Release|Any CPU
		{02A8E1FA-57CA-4B7A-979A-ECC7AC732BFC}.Release|Any CPU.Build.0 = Release|Any CPU
		{FEC68D7C-D0DC-4DF9-9F87-97E5DEAAF755}.Debug|Any CPU.ActiveCfg = Debug|Any CPU
		{FEC68D7C-D0DC-4DF9-9F87-97E5DEAAF755}.Debug|Any CPU.Build.0 = Debug|Any CPU
		{FEC68D7C-D0DC-4DF9-9F87-97E5DEAAF755}.Release|Any CPU.ActiveCfg = Release|Any CPU
		{FEC68D7C-D0DC-4DF9-9F87-97E5DEAAF755}.Release|Any CPU.Build.0 = Release|Any CPU
		{7059D1F5-6001-4ACF-A309-F609007BE96E}.Debug|Any CPU.ActiveCfg = Debug|Any CPU
		{7059D1F5-6001-4ACF-A309-F609007BE96E}.Debug|Any CPU.Build.0 = Debug|Any CPU
		{7059D1F5-6001-4ACF-A309-F609007BE96E}.Release|Any CPU.ActiveCfg = Release|Any CPU
		{7059D1F5-6001-4ACF-A309-F609007BE96E}.Release|Any CPU.Build.0 = Release|Any CPU
		{F051982A-B380-43AF-81CA-F356F573D75F}.Debug|Any CPU.ActiveCfg = Debug|Any CPU
		{F051982A-B380-43AF-81CA-F356F573D75F}.Debug|Any CPU.Build.0 = Debug|Any CPU
		{F051982A-B380-43AF-81CA-F356F573D75F}.Release|Any CPU.ActiveCfg = Release|Any CPU
		{F051982A-B380-43AF-81CA-F356F573D75F}.Release|Any CPU.Build.0 = Release|Any CPU
		{178066C8-927F-43C6-B53E-C9D1E6527D82}.Debug|Any CPU.ActiveCfg = Debug|Any CPU
		{178066C8-927F-43C6-B53E-C9D1E6527D82}.Debug|Any CPU.Build.0 = Debug|Any CPU
		{178066C8-927F-43C6-B53E-C9D1E6527D82}.Release|Any CPU.ActiveCfg = Release|Any CPU
		{178066C8-927F-43C6-B53E-C9D1E6527D82}.Release|Any CPU.Build.0 = Release|Any CPU
		{FF40B05C-AF73-49A7-AB51-034D576B254E}.Debug|Any CPU.ActiveCfg = Debug|Any CPU
		{FF40B05C-AF73-49A7-AB51-034D576B254E}.Debug|Any CPU.Build.0 = Debug|Any CPU
		{FF40B05C-AF73-49A7-AB51-034D576B254E}.Release|Any CPU.ActiveCfg = Release|Any CPU
		{FF40B05C-AF73-49A7-AB51-034D576B254E}.Release|Any CPU.Build.0 = Release|Any CPU
		{4C5C9F72-F36E-472F-9113-D6395C5950A2}.Debug|Any CPU.ActiveCfg = Debug|Any CPU
		{4C5C9F72-F36E-472F-9113-D6395C5950A2}.Debug|Any CPU.Build.0 = Debug|Any CPU
		{4C5C9F72-F36E-472F-9113-D6395C5950A2}.Release|Any CPU.ActiveCfg = Release|Any CPU
		{4C5C9F72-F36E-472F-9113-D6395C5950A2}.Release|Any CPU.Build.0 = Release|Any CPU
		{8CC9B888-FB8A-467D-BFFC-711F41F8B55C}.Debug|Any CPU.ActiveCfg = Debug|Any CPU
		{8CC9B888-FB8A-467D-BFFC-711F41F8B55C}.Debug|Any CPU.Build.0 = Debug|Any CPU
		{8CC9B888-FB8A-467D-BFFC-711F41F8B55C}.Release|Any CPU.ActiveCfg = Release|Any CPU
		{8CC9B888-FB8A-467D-BFFC-711F41F8B55C}.Release|Any CPU.Build.0 = Release|Any CPU
	EndGlobalSection
	GlobalSection(SolutionProperties) = preSolution
		HideSolutionNode = FALSE
	EndGlobalSection
	GlobalSection(NestedProjects) = preSolution
		{02A8E1FA-57CA-4B7A-979A-ECC7AC732BFC} = {592AB5A5-0F81-4D5F-B927-206C7F06ED4E}
		{FEC68D7C-D0DC-4DF9-9F87-97E5DEAAF755} = {592AB5A5-0F81-4D5F-B927-206C7F06ED4E}
		{7059D1F5-6001-4ACF-A309-F609007BE96E} = {592AB5A5-0F81-4D5F-B927-206C7F06ED4E}
		{F051982A-B380-43AF-81CA-F356F573D75F} = {592AB5A5-0F81-4D5F-B927-206C7F06ED4E}
		{178066C8-927F-43C6-B53E-C9D1E6527D82} = {FB25E467-3237-4C7F-97E8-BFDD05941F78}
		{FF40B05C-AF73-49A7-AB51-034D576B254E} = {FB25E467-3237-4C7F-97E8-BFDD05941F78}
		{8CC9B888-FB8A-467D-BFFC-711F41F8B55C} = {061A275C-3302-403D-99B7-0980819DBD52}
	EndGlobalSection
	GlobalSection(ExtensibilityGlobals) = postSolution
		SolutionGuid = {E59019A7-B6BD-409F-9494-A3549ABBFCA5}
	EndGlobalSection
EndGlobal
