
Microsoft Visual Studio Solution File, Format Version 12.00
# Visual Studio 15
VisualStudioVersion = 15.0.28307.136
MinimumVisualStudioVersion = 10.0.40219.1
Project("{FAE04EC0-301F-11D3-BF4B-00C04F79EFBC}") = "Socket-Server", "Socket\Socket-Server.csproj", "{FF40B05C-AF73-49A7-AB51-034D576B254E}"
EndProject
Project("{FAE04EC0-301F-11D3-BF4B-00C04F79EFBC}") = "Event", "Event\Event.csproj", "{65C9D561-35DF-45D9-B778-C60D117074C6}"
EndProject
Project("{FAE04EC0-301F-11D3-BF4B-00C04F79EFBC}") = "FileIO", "IO\FileIO.csproj", "{4C5C9F72-F36E-472F-9113-D6395C5950A2}"
EndProject
Project("{9A19103F-16F7-4668-BE54-9A1E7A4F7556}") = "Asyc", "Lock\Asyc.csproj", "{ACC2EAD0-F5D8-44D7-9A10-5086FD20E5CD}"
EndProject
Project("{FAE04EC0-301F-11D3-BF4B-00C04F79EFBC}") = "DirsFiles", "SearchFiles\SearchFiles\DirsFiles.csproj", "{6F9B51D3-27A2-4642-8BC6-79981FC1B87B}"
EndProject
Project("{FAE04EC0-301F-11D3-BF4B-00C04F79EFBC}") = "Socket-Client", "Socket-Client\Socket-Client.csproj", "{178066C8-927F-43C6-B53E-C9D1E6527D82}"
EndProject
Project("{FAE04EC0-301F-11D3-BF4B-00C04F79EFBC}") = "HOOK", "HOOK\HOOK.csproj", "{DBF34B0E-3DD2-4F40-B248-FC4C492568DF}"
EndProject
Project("{2150E333-8FDC-42A3-9474-1A3956D46DE8}") = "Socket", "Socket", "{FB25E467-3237-4C7F-97E8-BFDD05941F78}"
EndProject
Project("{2150E333-8FDC-42A3-9474-1A3956D46DE8}") = "Process", "Process", "{592AB5A5-0F81-4D5F-B927-206C7F06ED4E}"
	ProjectSection(SolutionItems) = preProject
		说明.txt = 说明.txt
	EndProjectSection
EndProject
Project("{FAE04EC0-301F-11D3-BF4B-00C04F79EFBC}") = "ProcessA", "WindowsFormsApp1\ProcessA.csproj", "{02A8E1FA-57CA-4B7A-979A-ECC7AC732BFC}"
EndProject
Project("{FAE04EC0-301F-11D3-BF4B-00C04F79EFBC}") = "ProcessB", "WindowsFormsApp2\ProcessB.csproj", "{FEC68D7C-D0DC-4DF9-9F87-97E5DEAAF755}"
EndProject
Project("{FAE04EC0-301F-11D3-BF4B-00C04F79EFBC}") = "ProcessC", "ProcessC\ProcessC.csproj", "{FA117EE2-2190-401C-901F-A11D2B18CC7F}"
EndProject
Project("{FAE04EC0-301F-11D3-BF4B-00C04F79EFBC}") = "ProcessD", "ProcessD\ProcessD.csproj", "{AA0C0C9F-34CF-4C39-A952-2AB9FA254C67}"
EndProject
Global
	GlobalSection(SolutionConfigurationPlatforms) = preSolution
		Debug|Any CPU = Debug|Any CPU
		Release|Any CPU = Release|Any CPU
	EndGlobalSection
	GlobalSection(ProjectConfigurationPlatforms) = postSolution
		{FF40B05C-AF73-49A7-AB51-034D576B254E}.Debug|Any CPU.ActiveCfg = Debug|Any CPU
		{FF40B05C-AF73-49A7-AB51-034D576B254E}.Debug|Any CPU.Build.0 = Debug|Any CPU
		{FF40B05C-AF73-49A7-AB51-034D576B254E}.Release|Any CPU.ActiveCfg = Release|Any CPU
		{FF40B05C-AF73-49A7-AB51-034D576B254E}.Release|Any CPU.Build.0 = Release|Any CPU
		{65C9D561-35DF-45D9-B778-C60D117074C6}.Debug|Any CPU.ActiveCfg = Debug|Any CPU
		{65C9D561-35DF-45D9-B778-C60D117074C6}.Debug|Any CPU.Build.0 = Debug|Any CPU
		{65C9D561-35DF-45D9-B778-C60D117074C6}.Release|Any CPU.ActiveCfg = Release|Any CPU
		{65C9D561-35DF-45D9-B778-C60D117074C6}.Release|Any CPU.Build.0 = Release|Any CPU
		{4C5C9F72-F36E-472F-9113-D6395C5950A2}.Debug|Any CPU.ActiveCfg = Debug|Any CPU
		{4C5C9F72-F36E-472F-9113-D6395C5950A2}.Debug|Any CPU.Build.0 = Debug|Any CPU
		{4C5C9F72-F36E-472F-9113-D6395C5950A2}.Release|Any CPU.ActiveCfg = Release|Any CPU
		{4C5C9F72-F36E-472F-9113-D6395C5950A2}.Release|Any CPU.Build.0 = Release|Any CPU
		{ACC2EAD0-F5D8-44D7-9A10-5086FD20E5CD}.Debug|Any CPU.ActiveCfg = Debug|Any CPU
		{ACC2EAD0-F5D8-44D7-9A10-5086FD20E5CD}.Debug|Any CPU.Build.0 = Debug|Any CPU
		{ACC2EAD0-F5D8-44D7-9A10-5086FD20E5CD}.Release|Any CPU.ActiveCfg = Release|Any CPU
		{ACC2EAD0-F5D8-44D7-9A10-5086FD20E5CD}.Release|Any CPU.Build.0 = Release|Any CPU
		{6F9B51D3-27A2-4642-8BC6-79981FC1B87B}.Debug|Any CPU.ActiveCfg = Debug|Any CPU
		{6F9B51D3-27A2-4642-8BC6-79981FC1B87B}.Debug|Any CPU.Build.0 = Debug|Any CPU
		{6F9B51D3-27A2-4642-8BC6-79981FC1B87B}.Release|Any CPU.ActiveCfg = Release|Any CPU
		{6F9B51D3-27A2-4642-8BC6-79981FC1B87B}.Release|Any CPU.Build.0 = Release|Any CPU
		{178066C8-927F-43C6-B53E-C9D1E6527D82}.Debug|Any CPU.ActiveCfg = Debug|Any CPU
		{178066C8-927F-43C6-B53E-C9D1E6527D82}.Debug|Any CPU.Build.0 = Debug|Any CPU
		{178066C8-927F-43C6-B53E-C9D1E6527D82}.Release|Any CPU.ActiveCfg = Release|Any CPU
		{178066C8-927F-43C6-B53E-C9D1E6527D82}.Release|Any CPU.Build.0 = Release|Any CPU
		{DBF34B0E-3DD2-4F40-B248-FC4C492568DF}.Debug|Any CPU.ActiveCfg = Debug|Any CPU
		{DBF34B0E-3DD2-4F40-B248-FC4C492568DF}.Debug|Any CPU.Build.0 = Debug|Any CPU
		{DBF34B0E-3DD2-4F40-B248-FC4C492568DF}.Release|Any CPU.ActiveCfg = Release|Any CPU
		{DBF34B0E-3DD2-4F40-B248-FC4C492568DF}.Release|Any CPU.Build.0 = Release|Any CPU
		{02A8E1FA-57CA-4B7A-979A-ECC7AC732BFC}.Debug|Any CPU.ActiveCfg = Debug|Any CPU
		{02A8E1FA-57CA-4B7A-979A-ECC7AC732BFC}.Debug|Any CPU.Build.0 = Debug|Any CPU
		{02A8E1FA-57CA-4B7A-979A-ECC7AC732BFC}.Release|Any CPU.ActiveCfg = Release|Any CPU
		{02A8E1FA-57CA-4B7A-979A-ECC7AC732BFC}.Release|Any CPU.Build.0 = Release|Any CPU
		{FEC68D7C-D0DC-4DF9-9F87-97E5DEAAF755}.Debug|Any CPU.ActiveCfg = Debug|Any CPU
		{FEC68D7C-D0DC-4DF9-9F87-97E5DEAAF755}.Debug|Any CPU.Build.0 = Debug|Any CPU
		{FEC68D7C-D0DC-4DF9-9F87-97E5DEAAF755}.Release|Any CPU.ActiveCfg = Release|Any CPU
		{FEC68D7C-D0DC-4DF9-9F87-97E5DEAAF755}.Release|Any CPU.Build.0 = Release|Any CPU
		{FA117EE2-2190-401C-901F-A11D2B18CC7F}.Debug|Any CPU.ActiveCfg = Debug|Any CPU
		{FA117EE2-2190-401C-901F-A11D2B18CC7F}.Debug|Any CPU.Build.0 = Debug|Any CPU
		{FA117EE2-2190-401C-901F-A11D2B18CC7F}.Release|Any CPU.ActiveCfg = Release|Any CPU
		{FA117EE2-2190-401C-901F-A11D2B18CC7F}.Release|Any CPU.Build.0 = Release|Any CPU
		{AA0C0C9F-34CF-4C39-A952-2AB9FA254C67}.Debug|Any CPU.ActiveCfg = Debug|Any CPU
		{AA0C0C9F-34CF-4C39-A952-2AB9FA254C67}.Debug|Any CPU.Build.0 = Debug|Any CPU
		{AA0C0C9F-34CF-4C39-A952-2AB9FA254C67}.Release|Any CPU.ActiveCfg = Release|Any CPU
		{AA0C0C9F-34CF-4C39-A952-2AB9FA254C67}.Release|Any CPU.Build.0 = Release|Any CPU
	EndGlobalSection
	GlobalSection(SolutionProperties) = preSolution
		HideSolutionNode = FALSE
	EndGlobalSection
	GlobalSection(NestedProjects) = preSolution
		{FF40B05C-AF73-49A7-AB51-034D576B254E} = {FB25E467-3237-4C7F-97E8-BFDD05941F78}
		{178066C8-927F-43C6-B53E-C9D1E6527D82} = {FB25E467-3237-4C7F-97E8-BFDD05941F78}
		{02A8E1FA-57CA-4B7A-979A-ECC7AC732BFC} = {592AB5A5-0F81-4D5F-B927-206C7F06ED4E}
		{FEC68D7C-D0DC-4DF9-9F87-97E5DEAAF755} = {592AB5A5-0F81-4D5F-B927-206C7F06ED4E}
		{FA117EE2-2190-401C-901F-A11D2B18CC7F} = {592AB5A5-0F81-4D5F-B927-206C7F06ED4E}
		{AA0C0C9F-34CF-4C39-A952-2AB9FA254C67} = {592AB5A5-0F81-4D5F-B927-206C7F06ED4E}
	EndGlobalSection
	GlobalSection(ExtensibilityGlobals) = postSolution
		SolutionGuid = {E59019A7-B6BD-409F-9494-A3549ABBFCA5}
	EndGlobalSection
EndGlobal
